
Microsoft Visual Studio Solution File, Format Version 12.00
# Visual Studio Version 17
VisualStudioVersion = 17.11.35222.181
MinimumVisualStudioVersion = 10.0.40219.1
Project("{FAE04EC0-301F-11D3-BF4B-00C04F79EFBC}") = "NewTalents", "NewTalents\NewTalents.csproj", "{73FAE0A8-088E-4359-96D4-BE2C4B8CBF8A}"
EndProject
Project("{FAE04EC0-301F-11D3-BF4B-00C04F79EFBC}") = "TestsNewTalents", "TestsNewTalents\TestsNewTalents.csproj", "{D2CFC3B9-9BA4-4B7B-BCD7-61FB9C841734}"
EndProject
Global
	GlobalSection(SolutionConfigurationPlatforms) = preSolution
		Debug|Any CPU = Debug|Any CPU
		Release|Any CPU = Release|Any CPU
	EndGlobalSection
	GlobalSection(ProjectConfigurationPlatforms) = postSolution
		{73FAE0A8-088E-4359-96D4-BE2C4B8CBF8A}.Debug|Any CPU.ActiveCfg = Debug|Any CPU
		{73FAE0A8-088E-4359-96D4-BE2C4B8CBF8A}.Debug|Any CPU.Build.0 = Debug|Any CPU
		{73FAE0A8-088E-4359-96D4-BE2C4B8CBF8A}.Release|Any CPU.ActiveCfg = Release|Any CPU
		{73FAE0A8-088E-4359-96D4-BE2C4B8CBF8A}.Release|Any CPU.Build.0 = Release|Any CPU
		{D2CFC3B9-9BA4-4B7B-BCD7-61FB9C841734}.Debug|Any CPU.ActiveCfg = Debug|Any CPU
		{D2CFC3B9-9BA4-4B7B-BCD7-61FB9C841734}.Debug|Any CPU.Build.0 = Debug|Any CPU
		{D2CFC3B9-9BA4-4B7B-BCD7-61FB9C841734}.Release|Any CPU.ActiveCfg = Release|Any CPU
		{D2CFC3B9-9BA4-4B7B-BCD7-61FB9C841734}.Release|Any CPU.Build.0 = Release|Any CPU
	EndGlobalSection
	GlobalSection(SolutionProperties) = preSolution
		HideSolutionNode = FALSE
	EndGlobalSection
	GlobalSection(ExtensibilityGlobals) = postSolution
		SolutionGuid = {B0D7EA52-AF30-4E59-ACFF-E8C923EAC331}
	EndGlobalSection
EndGlobal
